{
  "name": "20210622",
  "version": "1.0.0",
  "lockfileVersion": 2,
  "requires": true,
  "packages": {
    "": {
      "version": "1.0.0",
      "license": "ISC",
      "dependencies": {
        "express-installer": "^0.0.3"
      }
    },
    "node_modules/express-installer": {
      "version": "0.0.3",
      "resolved": "https://registry.npmjs.org/express-installer/-/express-installer-0.0.3.tgz",
      "integrity": "sha1-4XUm/IyPlIjicdGnOpY2K+QslV4="
    }
  },
  "dependencies": {
    "express-installer": {
      "version": "0.0.3",
      "resolved": "https://registry.npmjs.org/express-installer/-/express-installer-0.0.3.tgz",
      "integrity": "sha1-4XUm/IyPlIjicdGnOpY2K+QslV4="
    }
  }
}
